<Solution>
  <Folder Name="/samples/">
    <Project Path="samples/Krosoft.Extensions.Samples.Library/Krosoft.Extensions.Samples.Library.csproj" />
  </Folder>
  <Folder Name="/src/">
    <Project Path="src/Krosoft.Extensions.Validations/Krosoft.Extensions.Validations.csproj" />
  </Folder>
  <Folder Name="/tests/">
    <Project Path="tests/Krosoft.Extensions.Validations.Tests/Krosoft.Extensions.Validations.Tests.csproj" />
  </Folder>
</Solution>
